{
  "requires": true,
  "lockfileVersion": 1,
  "dependencies": {
    "@ionic/core": {
      "version": "4.0.0-alpha.10",
      "resolved": "https://registry.npmjs.org/@ionic/core/-/core-4.0.0-alpha.10.tgz",
      "integrity": "sha512-xYnOT61NekhDSIj/xA/0UUTpfrhYz+0ogM4JeBmtRjXPG0cLjyyfmd9vlfAHSZNJvnK+PDytDlj1XDYQlP5MfA==",
      "requires": {
        "ionicons": "4.2.4"
      }
    },
    "ionicons": {
      "version": "4.2.4",
      "resolved": "https://registry.npmjs.org/ionicons/-/ionicons-4.2.4.tgz",
      "integrity": "sha512-iaBPyuPSefGd6X03SkBM1BRqVbVFe1PZL5kYSNbMLxvTXGTenxK+O2TWsE1PPDo10qd0OiDb5cBod1oeHPCItA=="
    }
  }
}
